PODS:
  - BigInt (5.2.0)
  - CryptoSwift (1.5.1)
  - secp256k1.c (0.1.2)
  - Starscream (4.0.4)
  - TBWeb3swift (3.0.6):
    - Starscream (~> 4.0.4)
    - TBWeb3SwiftCore (~> 3.0.6)
  - TBWeb3SwiftCore (3.0.6):
    - BigInt (~> 5.2.0)
    - CryptoSwift (~> 1.5.1)
    - secp256k1.c (~> 0.1)

DEPENDENCIES:
  - TBWeb3swift (from `../../../TBWeb3swift`)
  - TBWeb3SwiftCore (from `../../../TBWeb3swift`)

SPEC REPOS:
  trunk:
    - BigInt
    - CryptoSwift
    - secp256k1.c
    - Starscream

EXTERNAL SOURCES:
  TBWeb3swift:
    :path: "../../../TBWeb3swift"
  TBWeb3SwiftCore:
    :path: "../../../TBWeb3swift"

SPEC CHECKSUMS:
  BigInt: f668a80089607f521586bbe29513d708491ef2f7
  CryptoSwift: c4f2debceb38bf44c80659afe009f71e23e4a082
  secp256k1.c: db47b726585d80f027423682eb369729e61b3b20
  Starscream: 5178aed56b316f13fa3bc55694e583d35dd414d9
  TBWeb3swift: 2f1fd8406ab8241e9d00ffe0eeb69069f96840d2
  TBWeb3SwiftCore: 024ade5bff7f52f3760a9a17c0d02fb441858af5

PODFILE CHECKSUM: eb94bbce556e1396ed34e1b4ff50c5181a7246e1

COCOAPODS: 1.11.3
