PODS:
  - BigInt (5.2.0)
  - CryptoSwift (1.5.1)
  - secp256k1.c (0.1.2)
  - Starscream (4.0.4)
  - Web3swift (3.0.6):
    - Starscream (~> 4.0.4)
    - Web3swiftCore (~> 3.0.6)
  - Web3swiftCore (3.0.6):
    - BigInt (~> 5.2.0)
    - CryptoSwift (~> 1.5.1)
    - secp256k1.c (~> 0.1)

DEPENDENCIES:
  - Web3swift (from `../../../TBWeb3swift`)
  - Web3swiftCore (from `../../../TBWeb3swift`)

SPEC REPOS:
  trunk:
    - BigInt
    - CryptoSwift
    - secp256k1.c
    - Starscream

EXTERNAL SOURCES:
  Web3swift:
    :path: "../../../TBWeb3swift"
  Web3swiftCore:
    :path: "../../../TBWeb3swift"

SPEC CHECKSUMS:
  BigInt: f668a80089607f521586bbe29513d708491ef2f7
  CryptoSwift: c4f2debceb38bf44c80659afe009f71e23e4a082
  secp256k1.c: db47b726585d80f027423682eb369729e61b3b20
  Starscream: 5178aed56b316f13fa3bc55694e583d35dd414d9
  Web3swift: cc29f43ea1f12d3eb25091b5b7a1e28ba0138f9d
  Web3swiftCore: d69843e94f81f0e83bc16977051924afd1aebe8d

PODFILE CHECKSUM: 3c4f8cb1156bd0e0e8efb0c97901e1d87513643e

COCOAPODS: 1.11.3
